PODS:
  - FBRetainCycleDetector (0.1.4)
  - FZBuildingBlock (0.3.2):
    - FZBuildingBlock/Extensions (= 0.3.2)
    - FZBuildingBlock/Observer (= 0.3.2)
    - FZBuildingBlock/Permission (= 0.3.2)
    - FZBuildingBlock/Router (= 0.3.2)
    - FZBuildingBlock/Tools (= 0.3.2)
    - FZBuildingBlock/Views (= 0.3.2)
  - FZBuildingBlock/Extensions (0.3.2)
  - FZBuildingBlock/Observer (0.3.2)
  - FZBuildingBlock/Permission (0.3.2)
  - FZBuildingBlock/Router (0.3.2)
  - FZBuildingBlock/Tools (0.3.2)
  - FZBuildingBlock/Views (0.3.2):
    - FZBuildingBlock/Extensions
  - MLeaksFinder (1.0.0):
    - FBRetainCycleDetector

DEPENDENCIES:
  - FZBuildingBlock (from `../`)
  - MLeaksFinder

SPEC REPOS:
  trunk:
    - FBRetainCycleDetector
    - MLeaksFinder

EXTERNAL SOURCES:
  FZBuildingBlock:
    :path: "../"

SPEC CHECKSUMS:
  FBRetainCycleDetector: 46f8179bbb1c587deee3ea838a1a3ee02acf5015
  FZBuildingBlock: 6481a007e94a4458482097378a72a7652f314e79
  MLeaksFinder: 8c435bd2f6d070af18cff082b503b21adc130fc0

PODFILE CHECKSUM: 4376e1ed0214b735e89a0ce513016bc2ca3e99af

COCOAPODS: 1.9.0.beta.2
