PODS:
  - FZBuildingBlock (0.1.0):
    - FZBuildingBlock/Extensions (= 0.1.0)
    - FZBuildingBlock/Observer (= 0.1.0)
    - FZBuildingBlock/Router (= 0.1.0)
    - FZBuildingBlock/Tools (= 0.1.0)
    - FZBuildingBlock/Views (= 0.1.0)
  - FZBuildingBlock/Extensions (0.1.0)
  - FZBuildingBlock/Observer (0.1.0)
  - FZBuildingBlock/Router (0.1.0)
  - FZBuildingBlock/Tools (0.1.0)
  - FZBuildingBlock/Views (0.1.0):
    - FZBuildingBlock/Extensions

DEPENDENCIES:
  - FZBuildingBlock (from `../`)

EXTERNAL SOURCES:
  FZBuildingBlock:
    :path: "../"

SPEC CHECKSUMS:
  FZBuildingBlock: 3e64a021ba1bfefe2a9a2d3038faa4bd8c72366d

PODFILE CHECKSUM: d8096315e3140465ff980de2579bc8eea3595820

COCOAPODS: 1.7.5
